// !$*UTF8*$!
{
	archiveVersion = 1;
	classes = {
	};
	objectVersion = 46;
	objects = {

/* Begin PBXBuildFile section */
		D4276A9818D8DCBE009B51D7 /* Diagonal.m in Sources */ = {isa = PBXBuildFile; fileRef = D4276A9718D8DCBE009B51D7 /* Diagonal.m */; };
		D42F949518DB7449004AEC19 /* CircleCustomGesture.m in Sources */ = {isa = PBXBuildFile; fileRef = D42F949418DB7449004AEC19 /* CircleCustomGesture.m */; };
		D42F949818DB78A7004AEC19 /* InitialViewController.m in Sources */ = {isa = PBXBuildFile; fileRef = D42F949718DB78A7004AEC19 /* InitialViewController.m */; };
		D42F949C18DB7B94004AEC19 /* botao_view1.png in Resources */ = {isa = PBXBuildFile; fileRef = D42F949A18DB7B94004AEC19 /* botao_view1.png */; };
		D42F949D18DB7B94004AEC19 /* layout_dropfood.jpg in Resources */ = {isa = PBXBuildFile; fileRef = D42F949B18DB7B94004AEC19 /* layout_dropfood.jpg */; };
		D42F94A018DB7D40004AEC19 /* foodcard.png in Resources */ = {isa = PBXBuildFile; fileRef = D42F949E18DB7D40004AEC19 /* foodcard.png */; };
		D42F94A118DB7D40004AEC19 /* layout_view2.png in Resources */ = {isa = PBXBuildFile; fileRef = D42F949F18DB7D40004AEC19 /* layout_view2.png */; };
		D42F94A318DB7E52004AEC19 /* layout_view3.jpg in Resources */ = {isa = PBXBuildFile; fileRef = D42F94A218DB7E52004AEC19 /* layout_view3.jpg */; };
		D42F94A718DB8392004AEC19 /* coxinha.png in Resources */ = {isa = PBXBuildFile; fileRef = D42F94A618DB8392004AEC19 /* coxinha.png */; };
		D42F94A918DB8DE0004AEC19 /* magnum.png in Resources */ = {isa = PBXBuildFile; fileRef = D42F94A818DB8DE0004AEC19 /* magnum.png */; };
		D42F94AB18DB8DF8004AEC19 /* sucolaranja.png in Resources */ = {isa = PBXBuildFile; fileRef = D42F94AA18DB8DF8004AEC19 /* sucolaranja.png */; };
		D4D5ED2918CFA85D00BC3B51 /* Foundation.framework in Frameworks */ = {isa = PBXBuildFile; fileRef = D4D5ED2818CFA85D00BC3B51 /* Foundation.framework */; };
		D4D5ED2B18CFA85D00BC3B51 /* CoreGraphics.framework in Frameworks */ = {isa = PBXBuildFile; fileRef = D4D5ED2A18CFA85D00BC3B51 /* CoreGraphics.framework */; };
		D4D5ED2D18CFA85D00BC3B51 /* UIKit.framework in Frameworks */ = {isa = PBXBuildFile; fileRef = D4D5ED2C18CFA85D00BC3B51 /* UIKit.framework */; };
		D4D5ED3318CFA85D00BC3B51 /* InfoPlist.strings in Resources */ = {isa = PBXBuildFile; fileRef = D4D5ED3118CFA85D00BC3B51 /* InfoPlist.strings */; };
		D4D5ED3518CFA85D00BC3B51 /* main.m in Sources */ = {isa = PBXBuildFile; fileRef = D4D5ED3418CFA85D00BC3B51 /* main.m */; };
		D4D5ED3918CFA85D00BC3B51 /* tryAppDelegate.m in Sources */ = {isa = PBXBuildFile; fileRef = D4D5ED3818CFA85D00BC3B51 /* tryAppDelegate.m */; };
		D4D5ED3C18CFA85D00BC3B51 /* Main_iPhone.storyboard in Resources */ = {isa = PBXBuildFile; fileRef = D4D5ED3A18CFA85D00BC3B51 /* Main_iPhone.storyboard */; };
		D4D5ED3F18CFA85D00BC3B51 /* Main_iPad.storyboard in Resources */ = {isa = PBXBuildFile; fileRef = D4D5ED3D18CFA85D00BC3B51 /* Main_iPad.storyboard */; };
		D4D5ED4218CFA85D00BC3B51 /* tryViewController.m in Sources */ = {isa = PBXBuildFile; fileRef = D4D5ED4118CFA85D00BC3B51 /* tryViewController.m */; };
		D4D5ED4418CFA85D00BC3B51 /* Images.xcassets in Resources */ = {isa = PBXBuildFile; fileRef = D4D5ED4318CFA85D00BC3B51 /* Images.xcassets */; };
		D4D5ED4B18CFA85D00BC3B51 /* XCTest.framework in Frameworks */ = {isa = PBXBuildFile; fileRef = D4D5ED4A18CFA85D00BC3B51 /* XCTest.framework */; };
		D4D5ED4C18CFA85D00BC3B51 /* Foundation.framework in Frameworks */ = {isa = PBXBuildFile; fileRef = D4D5ED2818CFA85D00BC3B51 /* Foundation.framework */; };
		D4D5ED4D18CFA85D00BC3B51 /* UIKit.framework in Frameworks */ = {isa = PBXBuildFile; fileRef = D4D5ED2C18CFA85D00BC3B51 /* UIKit.framework */; };
		D4D5ED5518CFA85D00BC3B51 /* InfoPlist.strings in Resources */ = {isa = PBXBuildFile; fileRef = D4D5ED5318CFA85D00BC3B51 /* InfoPlist.strings */; };
		D4D5ED5718CFA85D00BC3B51 /* TesteDynamicTests.m in Sources */ = {isa = PBXBuildFile; fileRef = D4D5ED5618CFA85D00BC3B51 /* TesteDynamicTests.m */; };
		D4D5ED6218CFA99800BC3B51 /* TryBehavior.m in Sources */ = {isa = PBXBuildFile; fileRef = D4D5ED6118CFA99800BC3B51 /* TryBehavior.m */; };
		D4E0984118D0D6E200DB021C /* foodCard.m in Sources */ = {isa = PBXBuildFile; fileRef = D4E0984018D0D6E200DB021C /* foodCard.m */; };
		D4EC3BB018DA0EEE0078AF68 /* TableViewController.m in Sources */ = {isa = PBXBuildFile; fileRef = D4EC3BAF18DA0EEE0078AF68 /* TableViewController.m */; };
/* End PBXBuildFile section */

/* Begin PBXContainerItemProxy section */
		D4D5ED4E18CFA85D00BC3B51 /* PBXContainerItemProxy */ = {
			isa = PBXContainerItemProxy;
			containerPortal = D4D5ED1D18CFA85C00BC3B51 /* Project object */;
			proxyType = 1;
			remoteGlobalIDString = D4D5ED2418CFA85D00BC3B51;
			remoteInfo = TesteDynamic;
		};
/* End PBXContainerItemProxy section */

/* Begin PBXFileReference section */
		D4276A9618D8DCBE009B51D7 /* Diagonal.h */ = {isa = PBXFileReference; fileEncoding = 4; lastKnownFileType = sourcecode.c.h; path = Diagonal.h; sourceTree = SOURCE_ROOT; };
		D4276A9718D8DCBE009B51D7 /* Diagonal.m */ = {isa = PBXFileReference; fileEncoding = 4; lastKnownFileType = sourcecode.c.objc; path = Diagonal.m; sourceTree = SOURCE_ROOT; };
		D42F949318DB7449004AEC19 /* CircleCustomGesture.h */ = {isa = PBXFileReference; fileEncoding = 4; lastKnownFileType = sourcecode.c.h; path = CircleCustomGesture.h; sourceTree = SOURCE_ROOT; };
		D42F949418DB7449004AEC19 /* CircleCustomGesture.m */ = {isa = PBXFileReference; fileEncoding = 4; lastKnownFileType = sourcecode.c.objc; path = CircleCustomGesture.m; sourceTree = SOURCE_ROOT; };
		D42F949618DB78A7004AEC19 /* InitialViewController.h */ = {isa = PBXFileReference; fileEncoding = 4; lastKnownFileType = sourcecode.c.h; path = InitialViewController.h; sourceTree = "<group>"; };
		D42F949718DB78A7004AEC19 /* InitialViewController.m */ = {isa = PBXFileReference; fileEncoding = 4; lastKnownFileType = sourcecode.c.objc; path = InitialViewController.m; sourceTree = "<group>"; };
		D42F949A18DB7B94004AEC19 /* botao_view1.png */ = {isa = PBXFileReference; lastKnownFileType = image.png; name = botao_view1.png; path = "images_app/view 1/botao_view1.png"; sourceTree = SOURCE_ROOT; };
		D42F949B18DB7B94004AEC19 /* layout_dropfood.jpg */ = {isa = PBXFileReference; lastKnownFileType = image.jpeg; name = layout_dropfood.jpg; path = "images_app/view 1/layout_dropfood.jpg"; sourceTree = SOURCE_ROOT; };
		D42F949E18DB7D40004AEC19 /* foodcard.png */ = {isa = PBXFileReference; lastKnownFileType = image.png; name = foodcard.png; path = "images_app/view 2/foodcard.png"; sourceTree = SOURCE_ROOT; };
		D42F949F18DB7D40004AEC19 /* layout_view2.png */ = {isa = PBXFileReference; lastKnownFileType = image.png; name = layout_view2.png; path = "images_app/view 2/layout_view2.png"; sourceTree = SOURCE_ROOT; };
		D42F94A218DB7E52004AEC19 /* layout_view3.jpg */ = {isa = PBXFileReference; lastKnownFileType = image.jpeg; name = layout_view3.jpg; path = "images_app/view 3/layout_view3.jpg"; sourceTree = SOURCE_ROOT; };
		D42F94A618DB8392004AEC19 /* coxinha.png */ = {isa = PBXFileReference; lastKnownFileType = image.png; name = coxinha.png; path = images_app/Foods/coxinha.png; sourceTree = SOURCE_ROOT; };
		D42F94A818DB8DE0004AEC19 /* magnum.png */ = {isa = PBXFileReference; lastKnownFileType = image.png; name = magnum.png; path = images_app/foods/magnum.png; sourceTree = SOURCE_ROOT; };
		D42F94AA18DB8DF8004AEC19 /* sucolaranja.png */ = {isa = PBXFileReference; lastKnownFileType = image.png; name = sucolaranja.png; path = images_app/foods/sucolaranja.png; sourceTree = SOURCE_ROOT; };
		D4D5ED2518CFA85D00BC3B51 /* TesteDynamic.app */ = {isa = PBXFileReference; explicitFileType = wrapper.application; includeInIndex = 0; path = TesteDynamic.app; sourceTree = BUILT_PRODUCTS_DIR; };
		D4D5ED2818CFA85D00BC3B51 /* Foundation.framework */ = {isa = PBXFileReference; lastKnownFileType = wrapper.framework; name = Foundation.framework; path = System/Library/Frameworks/Foundation.framework; sourceTree = SDKROOT; };
		D4D5ED2A18CFA85D00BC3B51 /* CoreGraphics.framework */ = {isa = PBXFileReference; lastKnownFileType = wrapper.framework; name = CoreGraphics.framework; path = System/Library/Frameworks/CoreGraphics.framework; sourceTree = SDKROOT; };
		D4D5ED2C18CFA85D00BC3B51 /* UIKit.framework */ = {isa = PBXFileReference; lastKnownFileType = wrapper.framework; name = UIKit.framework; path = System/Library/Frameworks/UIKit.framework; sourceTree = SDKROOT; };
		D4D5ED3018CFA85D00BC3B51 /* TesteDynamic-Info.plist */ = {isa = PBXFileReference; lastKnownFileType = text.plist.xml; path = "TesteDynamic-Info.plist"; sourceTree = "<group>"; };
		D4D5ED3218CFA85D00BC3B51 /* en */ = {isa = PBXFileReference; lastKnownFileType = text.plist.strings; name = en; path = en.lproj/InfoPlist.strings; sourceTree = "<group>"; };
		D4D5ED3418CFA85D00BC3B51 /* main.m */ = {isa = PBXFileReference; lastKnownFileType = sourcecode.c.objc; path = main.m; sourceTree = "<group>"; };
		D4D5ED3618CFA85D00BC3B51 /* TesteDynamic-Prefix.pch */ = {isa = PBXFileReference; lastKnownFileType = sourcecode.c.h; path = "TesteDynamic-Prefix.pch"; sourceTree = "<group>"; };
		D4D5ED3718CFA85D00BC3B51 /* tryAppDelegate.h */ = {isa = PBXFileReference; lastKnownFileType = sourcecode.c.h; path = tryAppDelegate.h; sourceTree = "<group>"; };
		D4D5ED3818CFA85D00BC3B51 /* tryAppDelegate.m */ = {isa = PBXFileReference; lastKnownFileType = sourcecode.c.objc; path = tryAppDelegate.m; sourceTree = "<group>"; };
		D4D5ED3B18CFA85D00BC3B51 /* Base */ = {isa = PBXFileReference; lastKnownFileType = file.storyboard; name = Base; path = Base.lproj/Main_iPhone.storyboard; sourceTree = "<group>"; };
		D4D5ED3E18CFA85D00BC3B51 /* Base */ = {isa = PBXFileReference; lastKnownFileType = file.storyboard; name = Base; path = Base.lproj/Main_iPad.storyboard; sourceTree = "<group>"; };
		D4D5ED4018CFA85D00BC3B51 /* tryViewController.h */ = {isa = PBXFileReference; lastKnownFileType = sourcecode.c.h; path = tryViewController.h; sourceTree = "<group>"; };
		D4D5ED4118CFA85D00BC3B51 /* tryViewController.m */ = {isa = PBXFileReference; lastKnownFileType = sourcecode.c.objc; path = tryViewController.m; sourceTree = "<group>"; };
		D4D5ED4318CFA85D00BC3B51 /* Images.xcassets */ = {isa = PBXFileReference; lastKnownFileType = folder.assetcatalog; path = Images.xcassets; sourceTree = "<group>"; };
		D4D5ED4918CFA85D00BC3B51 /* TesteDynamicTests.xctest */ = {isa = PBXFileReference; explicitFileType = wrapper.cfbundle; includeInIndex = 0; path = TesteDynamicTests.xctest; sourceTree = BUILT_PRODUCTS_DIR; };
		D4D5ED4A18CFA85D00BC3B51 /* XCTest.framework */ = {isa = PBXFileReference; lastKnownFileType = wrapper.framework; name = XCTest.framework; path = Library/Frameworks/XCTest.framework; sourceTree = DEVELOPER_DIR; };
		D4D5ED5218CFA85D00BC3B51 /* TesteDynamicTests-Info.plist */ = {isa = PBXFileReference; lastKnownFileType = text.plist.xml; path = "TesteDynamicTests-Info.plist"; sourceTree = "<group>"; };
		D4D5ED5418CFA85D00BC3B51 /* en */ = {isa = PBXFileReference; lastKnownFileType = text.plist.strings; name = en; path = en.lproj/InfoPlist.strings; sourceTree = "<group>"; };
		D4D5ED5618CFA85D00BC3B51 /* TesteDynamicTests.m */ = {isa = PBXFileReference; lastKnownFileType = sourcecode.c.objc; path = TesteDynamicTests.m; sourceTree = "<group>"; };
		D4D5ED6018CFA99800BC3B51 /* TryBehavior.h */ = {isa = PBXFileReference; fileEncoding = 4; lastKnownFileType = sourcecode.c.h; name = TryBehavior.h; path = ../TryBehavior.h; sourceTree = "<group>"; };
		D4D5ED6118CFA99800BC3B51 /* TryBehavior.m */ = {isa = PBXFileReference; fileEncoding = 4; lastKnownFileType = sourcecode.c.objc; name = TryBehavior.m; path = ../TryBehavior.m; sourceTree = "<group>"; };
		D4E0983F18D0D6E200DB021C /* foodCard.h */ = {isa = PBXFileReference; fileEncoding = 4; lastKnownFileType = sourcecode.c.h; name = foodCard.h; path = ../foodCard.h; sourceTree = "<group>"; };
		D4E0984018D0D6E200DB021C /* foodCard.m */ = {isa = PBXFileReference; fileEncoding = 4; lastKnownFileType = sourcecode.c.objc; name = foodCard.m; path = ../foodCard.m; sourceTree = "<group>"; };
		D4EC3BAE18DA0EEE0078AF68 /* TableViewController.h */ = {isa = PBXFileReference; fileEncoding = 4; lastKnownFileType = sourcecode.c.h; path = TableViewController.h; sourceTree = SOURCE_ROOT; };
		D4EC3BAF18DA0EEE0078AF68 /* TableViewController.m */ = {isa = PBXFileReference; fileEncoding = 4; lastKnownFileType = sourcecode.c.objc; path = TableViewController.m; sourceTree = SOURCE_ROOT; };
/* End PBXFileReference section */

/* Begin PBXFrameworksBuildPhase section */
		D4D5ED2218CFA85D00BC3B51 /* Frameworks */ = {
			isa = PBXFrameworksBuildPhase;
			buildActionMask = 2147483647;
			files = (
				D4D5ED2B18CFA85D00BC3B51 /* CoreGraphics.framework in Frameworks */,
				D4D5ED2D18CFA85D00BC3B51 /* UIKit.framework in Frameworks */,
				D4D5ED2918CFA85D00BC3B51 /* Foundation.framework in Frameworks */,
			);
			runOnlyForDeploymentPostprocessing = 0;
		};
		D4D5ED4618CFA85D00BC3B51 /* Frameworks */ = {
			isa = PBXFrameworksBuildPhase;
			buildActionMask = 2147483647;
			files = (
				D4D5ED4B18CFA85D00BC3B51 /* XCTest.framework in Frameworks */,
				D4D5ED4D18CFA85D00BC3B51 /* UIKit.framework in Frameworks */,
				D4D5ED4C18CFA85D00BC3B51 /* Foundation.framework in Frameworks */,
			);
			runOnlyForDeploymentPostprocessing = 0;
		};
/* End PBXFrameworksBuildPhase section */

/* Begin PBXGroup section */
		D42F949918DB7B7C004AEC19 /* Images */ = {
			isa = PBXGroup;
			children = (
				D42F94AA18DB8DF8004AEC19 /* sucolaranja.png */,
				D42F94A818DB8DE0004AEC19 /* magnum.png */,
				D42F94A618DB8392004AEC19 /* coxinha.png */,
				D42F94A218DB7E52004AEC19 /* layout_view3.jpg */,
				D42F949A18DB7B94004AEC19 /* botao_view1.png */,
				D42F949B18DB7B94004AEC19 /* layout_dropfood.jpg */,
				D42F949E18DB7D40004AEC19 /* foodcard.png */,
				D42F949F18DB7D40004AEC19 /* layout_view2.png */,
			);
			name = Images;
			sourceTree = "<group>";
		};
		D4D5ED1C18CFA85C00BC3B51 = {
			isa = PBXGroup;
			children = (
				D4D5ED2E18CFA85D00BC3B51 /* TesteDynamic */,
				D4D5ED5018CFA85D00BC3B51 /* TesteDynamicTests */,
				D4D5ED2718CFA85D00BC3B51 /* Frameworks */,
				D4D5ED2618CFA85D00BC3B51 /* Products */,
			);
			sourceTree = "<group>";
		};
		D4D5ED2618CFA85D00BC3B51 /* Products */ = {
			isa = PBXGroup;
			children = (
				D4D5ED2518CFA85D00BC3B51 /* TesteDynamic.app */,
				D4D5ED4918CFA85D00BC3B51 /* TesteDynamicTests.xctest */,
			);
			name = Products;
			sourceTree = "<group>";
		};
		D4D5ED2718CFA85D00BC3B51 /* Frameworks */ = {
			isa = PBXGroup;
			children = (
				D4D5ED2818CFA85D00BC3B51 /* Foundation.framework */,
				D4D5ED2A18CFA85D00BC3B51 /* CoreGraphics.framework */,
				D4D5ED2C18CFA85D00BC3B51 /* UIKit.framework */,
				D4D5ED4A18CFA85D00BC3B51 /* XCTest.framework */,
			);
			name = Frameworks;
			sourceTree = "<group>";
		};
		D4D5ED2E18CFA85D00BC3B51 /* TesteDynamic */ = {
			isa = PBXGroup;
			children = (
				D4E0983F18D0D6E200DB021C /* foodCard.h */,
				D4E0984018D0D6E200DB021C /* foodCard.m */,
				D4EC3BAE18DA0EEE0078AF68 /* TableViewController.h */,
				D4EC3BAF18DA0EEE0078AF68 /* TableViewController.m */,
				D42F949318DB7449004AEC19 /* CircleCustomGesture.h */,
				D42F949418DB7449004AEC19 /* CircleCustomGesture.m */,
				D42F949618DB78A7004AEC19 /* InitialViewController.h */,
				D42F949718DB78A7004AEC19 /* InitialViewController.m */,
				D4276A9618D8DCBE009B51D7 /* Diagonal.h */,
				D4276A9718D8DCBE009B51D7 /* Diagonal.m */,
				D4D5ED6018CFA99800BC3B51 /* TryBehavior.h */,
				D4D5ED6118CFA99800BC3B51 /* TryBehavior.m */,
				D4D5ED3718CFA85D00BC3B51 /* tryAppDelegate.h */,
				D4D5ED3818CFA85D00BC3B51 /* tryAppDelegate.m */,
				D4D5ED3A18CFA85D00BC3B51 /* Main_iPhone.storyboard */,
				D4D5ED3D18CFA85D00BC3B51 /* Main_iPad.storyboard */,
				D4D5ED4018CFA85D00BC3B51 /* tryViewController.h */,
				D4D5ED4118CFA85D00BC3B51 /* tryViewController.m */,
				D42F949918DB7B7C004AEC19 /* Images */,
				D4D5ED4318CFA85D00BC3B51 /* Images.xcassets */,
				D4D5ED2F18CFA85D00BC3B51 /* Supporting Files */,
			);
			path = TesteDynamic;
			sourceTree = "<group>";
		};
		D4D5ED2F18CFA85D00BC3B51 /* Supporting Files */ = {
			isa = PBXGroup;
			children = (
				D4D5ED3018CFA85D00BC3B51 /* TesteDynamic-Info.plist */,
				D4D5ED3118CFA85D00BC3B51 /* InfoPlist.strings */,
				D4D5ED3418CFA85D00BC3B51 /* main.m */,
				D4D5ED3618CFA85D00BC3B51 /* TesteDynamic-Prefix.pch */,
			);
			name = "Supporting Files";
			sourceTree = "<group>";
		};
		D4D5ED5018CFA85D00BC3B51 /* TesteDynamicTests */ = {
			isa = PBXGroup;
			children = (
				D4D5ED5618CFA85D00BC3B51 /* TesteDynamicTests.m */,
				D4D5ED5118CFA85D00BC3B51 /* Supporting Files */,
			);
			path = TesteDynamicTests;
			sourceTree = "<group>";
		};
		D4D5ED5118CFA85D00BC3B51 /* Supporting Files */ = {
			isa = PBXGroup;
			children = (
				D4D5ED5218CFA85D00BC3B51 /* TesteDynamicTests-Info.plist */,
				D4D5ED5318CFA85D00BC3B51 /* InfoPlist.strings */,
			);
			name = "Supporting Files";
			sourceTree = "<group>";
		};
/* End PBXGroup section */

/* Begin PBXNativeTarget section */
		D4D5ED2418CFA85D00BC3B51 /* TesteDynamic */ = {
			isa = PBXNativeTarget;
			buildConfigurationList = D4D5ED5A18CFA85D00BC3B51 /* Build configuration list for PBXNativeTarget "TesteDynamic" */;
			buildPhases = (
				D4D5ED2118CFA85D00BC3B51 /* Sources */,
				D4D5ED2218CFA85D00BC3B51 /* Frameworks */,
				D4D5ED2318CFA85D00BC3B51 /* Resources */,
			);
			buildRules = (
			);
			dependencies = (
			);
			name = TesteDynamic;
			productName = TesteDynamic;
			productReference = D4D5ED2518CFA85D00BC3B51 /* TesteDynamic.app */;
			productType = "com.apple.product-type.application";
		};
		D4D5ED4818CFA85D00BC3B51 /* TesteDynamicTests */ = {
			isa = PBXNativeTarget;
			buildConfigurationList = D4D5ED5D18CFA85D00BC3B51 /* Build configuration list for PBXNativeTarget "TesteDynamicTests" */;
			buildPhases = (
				D4D5ED4518CFA85D00BC3B51 /* Sources */,
				D4D5ED4618CFA85D00BC3B51 /* Frameworks */,
				D4D5ED4718CFA85D00BC3B51 /* Resources */,
			);
			buildRules = (
			);
			dependencies = (
				D4D5ED4F18CFA85D00BC3B51 /* PBXTargetDependency */,
			);
			name = TesteDynamicTests;
			productName = TesteDynamicTests;
			productReference = D4D5ED4918CFA85D00BC3B51 /* TesteDynamicTests.xctest */;
			productType = "com.apple.product-type.bundle.unit-test";
		};
/* End PBXNativeTarget section */

/* Begin PBXProject section */
		D4D5ED1D18CFA85C00BC3B51 /* Project object */ = {
			isa = PBXProject;
			attributes = {
				CLASSPREFIX = try;
				LastUpgradeCheck = 0500;
				ORGANIZATIONNAME = "LUCAS TEIXEIRA DE OLIVEIRA";
				TargetAttributes = {
					D4D5ED4818CFA85D00BC3B51 = {
						TestTargetID = D4D5ED2418CFA85D00BC3B51;
					};
				};
			};
			buildConfigurationList = D4D5ED2018CFA85C00BC3B51 /* Build configuration list for PBXProject "Drop Food" */;
			compatibilityVersion = "Xcode 3.2";
			developmentRegion = English;
			hasScannedForEncodings = 0;
			knownRegions = (
				en,
				Base,
			);
			mainGroup = D4D5ED1C18CFA85C00BC3B51;
			productRefGroup = D4D5ED2618CFA85D00BC3B51 /* Products */;
			projectDirPath = "";
			projectRoot = "";
			targets = (
				D4D5ED2418CFA85D00BC3B51 /* TesteDynamic */,
				D4D5ED4818CFA85D00BC3B51 /* TesteDynamicTests */,
			);
		};
/* End PBXProject section */

/* Begin PBXResourcesBuildPhase section */
		D4D5ED2318CFA85D00BC3B51 /* Resources */ = {
			isa = PBXResourcesBuildPhase;
			buildActionMask = 2147483647;
			files = (
				D42F94A318DB7E52004AEC19 /* layout_view3.jpg in Resources */,
				D42F94AB18DB8DF8004AEC19 /* sucolaranja.png in Resources */,
				D42F949D18DB7B94004AEC19 /* layout_dropfood.jpg in Resources */,
				D4D5ED3F18CFA85D00BC3B51 /* Main_iPad.storyboard in Resources */,
				D4D5ED4418CFA85D00BC3B51 /* Images.xcassets in Resources */,
				D4D5ED3C18CFA85D00BC3B51 /* Main_iPhone.storyboard in Resources */,
				D4D5ED3318CFA85D00BC3B51 /* InfoPlist.strings in Resources */,
				D42F94A118DB7D40004AEC19 /* layout_view2.png in Resources */,
				D42F94A718DB8392004AEC19 /* coxinha.png in Resources */,
				D42F949C18DB7B94004AEC19 /* botao_view1.png in Resources */,
				D42F94A018DB7D40004AEC19 /* foodcard.png in Resources */,
				D42F94A918DB8DE0004AEC19 /* magnum.png in Resources */,
			);
			runOnlyForDeploymentPostprocessing = 0;
		};
		D4D5ED4718CFA85D00BC3B51 /* Resources */ = {
			isa = PBXResourcesBuildPhase;
			buildActionMask = 2147483647;
			files = (
				D4D5ED5518CFA85D00BC3B51 /* InfoPlist.strings in Resources */,
			);
			runOnlyForDeploymentPostprocessing = 0;
		};
/* End PBXResourcesBuildPhase section */

/* Begin PBXSourcesBuildPhase section */
		D4D5ED2118CFA85D00BC3B51 /* Sources */ = {
			isa = PBXSourcesBuildPhase;
			buildActionMask = 2147483647;
			files = (
				D42F949818DB78A7004AEC19 /* InitialViewController.m in Sources */,
				D4D5ED3918CFA85D00BC3B51 /* tryAppDelegate.m in Sources */,
				D4D5ED3518CFA85D00BC3B51 /* main.m in Sources */,
				D4276A9818D8DCBE009B51D7 /* Diagonal.m in Sources */,
				D4D5ED4218CFA85D00BC3B51 /* tryViewController.m in Sources */,
				D42F949518DB7449004AEC19 /* CircleCustomGesture.m in Sources */,
				D4D5ED6218CFA99800BC3B51 /* TryBehavior.m in Sources */,
				D4EC3BB018DA0EEE0078AF68 /* TableViewController.m in Sources */,
				D4E0984118D0D6E200DB021C /* foodCard.m in Sources */,
			);
			runOnlyForDeploymentPostprocessing = 0;
		};
		D4D5ED4518CFA85D00BC3B51 /* Sources */ = {
			isa = PBXSourcesBuildPhase;
			buildActionMask = 2147483647;
			files = (
				D4D5ED5718CFA85D00BC3B51 /* TesteDynamicTests.m in Sources */,
			);
			runOnlyForDeploymentPostprocessing = 0;
		};
/* End PBXSourcesBuildPhase section */

/* Begin PBXTargetDependency section */
		D4D5ED4F18CFA85D00BC3B51 /* PBXTargetDependency */ = {
			isa = PBXTargetDependency;
			target = D4D5ED2418CFA85D00BC3B51 /* TesteDynamic */;
			targetProxy = D4D5ED4E18CFA85D00BC3B51 /* PBXContainerItemProxy */;
		};
/* End PBXTargetDependency section */

/* Begin PBXVariantGroup section */
		D4D5ED3118CFA85D00BC3B51 /* InfoPlist.strings */ = {
			isa = PBXVariantGroup;
			children = (
				D4D5ED3218CFA85D00BC3B51 /* en */,
			);
			name = InfoPlist.strings;
			sourceTree = "<group>";
		};
		D4D5ED3A18CFA85D00BC3B51 /* Main_iPhone.storyboard */ = {
			isa = PBXVariantGroup;
			children = (
				D4D5ED3B18CFA85D00BC3B51 /* Base */,
			);
			name = Main_iPhone.storyboard;
			sourceTree = "<group>";
		};
		D4D5ED3D18CFA85D00BC3B51 /* Main_iPad.storyboard */ = {
			isa = PBXVariantGroup;
			children = (
				D4D5ED3E18CFA85D00BC3B51 /* Base */,
			);
			name = Main_iPad.storyboard;
			sourceTree = "<group>";
		};
		D4D5ED5318CFA85D00BC3B51 /* InfoPlist.strings */ = {
			isa = PBXVariantGroup;
			children = (
				D4D5ED5418CFA85D00BC3B51 /* en */,
			);
			name = InfoPlist.strings;
			sourceTree = "<group>";
		};
/* End PBXVariantGroup section */

/* Begin XCBuildConfiguration section */
		D4D5ED5818CFA85D00BC3B51 /* Debug */ = {
			isa = XCBuildConfiguration;
			buildSettings = {
				ALWAYS_SEARCH_USER_PATHS = NO;
				ARCHS = "$(ARCHS_STANDARD_INCLUDING_64_BIT)";
				CLANG_CXX_LANGUAGE_STANDARD = "gnu++0x";
				CLANG_CXX_LIBRARY = "libc++";
				CLANG_ENABLE_MODULES = YES;
				CLANG_ENABLE_OBJC_ARC = YES;
				CLANG_WARN_BOOL_CONVERSION = YES;
				CLANG_WARN_CONSTANT_CONVERSION = YES;
				CLANG_WARN_DIRECT_OBJC_ISA_USAGE = YES_ERROR;
				CLANG_WARN_EMPTY_BODY = YES;
				CLANG_WARN_ENUM_CONVERSION = YES;
				CLANG_WARN_INT_CONVERSION = YES;
				CLANG_WARN_OBJC_ROOT_CLASS = YES_ERROR;
				CLANG_WARN__DUPLICATE_METHOD_MATCH = YES;
				"CODE_SIGN_IDENTITY[sdk=iphoneos*]" = "iPhone Developer";
				COPY_PHASE_STRIP = NO;
				GCC_C_LANGUAGE_STANDARD = gnu99;
				GCC_DYNAMIC_NO_PIC = NO;
				GCC_OPTIMIZATION_LEVEL = 0;
				GCC_PREPROCESSOR_DEFINITIONS = (
					"DEBUG=1",
					"$(inherited)",
				);
				GCC_SYMBOLS_PRIVATE_EXTERN = NO;
				GCC_WARN_64_TO_32_BIT_CONVERSION = YES;
				GCC_WARN_ABOUT_RETURN_TYPE = YES_ERROR;
				GCC_WARN_UNDECLARED_SELECTOR = YES;
				GCC_WARN_UNINITIALIZED_AUTOS = YES;
				GCC_WARN_UNUSED_FUNCTION = YES;
				GCC_WARN_UNUSED_VARIABLE = YES;
				IPHONEOS_DEPLOYMENT_TARGET = 7.0;
				ONLY_ACTIVE_ARCH = YES;
				SDKROOT = iphoneos;
				TARGETED_DEVICE_FAMILY = "1,2";
			};
			name = Debug;
		};
		D4D5ED5918CFA85D00BC3B51 /* Release */ = {
			isa = XCBuildConfiguration;
			buildSettings = {
				ALWAYS_SEARCH_USER_PATHS = NO;
				ARCHS = "$(ARCHS_STANDARD_INCLUDING_64_BIT)";
				CLANG_CXX_LANGUAGE_STANDARD = "gnu++0x";
				CLANG_CXX_LIBRARY = "libc++";
				CLANG_ENABLE_MODULES = YES;
				CLANG_ENABLE_OBJC_ARC = YES;
				CLANG_WARN_BOOL_CONVERSION = YES;
				CLANG_WARN_CONSTANT_CONVERSION = YES;
				CLANG_WARN_DIRECT_OBJC_ISA_USAGE = YES_ERROR;
				CLANG_WARN_EMPTY_BODY = YES;
				CLANG_WARN_ENUM_CONVERSION = YES;
				CLANG_WARN_INT_CONVERSION = YES;
				CLANG_WARN_OBJC_ROOT_CLASS = YES_ERROR;
				CLANG_WARN__DUPLICATE_METHOD_MATCH = YES;
				"CODE_SIGN_IDENTITY[sdk=iphoneos*]" = "iPhone Developer";
				COPY_PHASE_STRIP = YES;
				ENABLE_NS_ASSERTIONS = NO;
				GCC_C_LANGUAGE_STANDARD = gnu99;
				GCC_WARN_64_TO_32_BIT_CONVERSION = YES;
				GCC_WARN_ABOUT_RETURN_TYPE = YES_ERROR;
				GCC_WARN_UNDECLARED_SELECTOR = YES;
				GCC_WARN_UNINITIALIZED_AUTOS = YES;
				GCC_WARN_UNUSED_FUNCTION = YES;
				GCC_WARN_UNUSED_VARIABLE = YES;
				IPHONEOS_DEPLOYMENT_TARGET = 7.0;
				SDKROOT = iphoneos;
				TARGETED_DEVICE_FAMILY = "1,2";
				VALIDATE_PRODUCT = YES;
			};
			name = Release;
		};
		D4D5ED5B18CFA85D00BC3B51 /* Debug */ = {
			isa = XCBuildConfiguration;
			buildSettings = {
				ASSETCATALOG_COMPILER_APPICON_NAME = AppIcon;
				ASSETCATALOG_COMPILER_LAUNCHIMAGE_NAME = LaunchImage;
				GCC_PRECOMPILE_PREFIX_HEADER = YES;
				GCC_PREFIX_HEADER = "TesteDynamic/TesteDynamic-Prefix.pch";
				INFOPLIST_FILE = "TesteDynamic/TesteDynamic-Info.plist";
				PRODUCT_NAME = "$(TARGET_NAME)";
				WRAPPER_EXTENSION = app;
			};
			name = Debug;
		};
		D4D5ED5C18CFA85D00BC3B51 /* Release */ = {
			isa = XCBuildConfiguration;
			buildSettings = {
				ASSETCATALOG_COMPILER_APPICON_NAME = AppIcon;
				ASSETCATALOG_COMPILER_LAUNCHIMAGE_NAME = LaunchImage;
				GCC_PRECOMPILE_PREFIX_HEADER = YES;
				GCC_PREFIX_HEADER = "TesteDynamic/TesteDynamic-Prefix.pch";
				INFOPLIST_FILE = "TesteDynamic/TesteDynamic-Info.plist";
				PRODUCT_NAME = "$(TARGET_NAME)";
				WRAPPER_EXTENSION = app;
			};
			name = Release;
		};
		D4D5ED5E18CFA85D00BC3B51 /* Debug */ = {
			isa = XCBuildConfiguration;
			buildSettings = {
				ARCHS = "$(ARCHS_STANDARD_INCLUDING_64_BIT)";
				BUNDLE_LOADER = "$(BUILT_PRODUCTS_DIR)/TesteDynamic.app/TesteDynamic";
				FRAMEWORK_SEARCH_PATHS = (
					"$(SDKROOT)/Developer/Library/Frameworks",
					"$(inherited)",
					"$(DEVELOPER_FRAMEWORKS_DIR)",
				);
				GCC_PRECOMPILE_PREFIX_HEADER = YES;
				GCC_PREFIX_HEADER = "TesteDynamic/TesteDynamic-Prefix.pch";
				GCC_PREPROCESSOR_DEFINITIONS = (
					"DEBUG=1",
					"$(inherited)",
				);
				INFOPLIST_FILE = "TesteDynamicTests/TesteDynamicTests-Info.plist";
				PRODUCT_NAME = "$(TARGET_NAME)";
				TEST_HOST = "$(BUNDLE_LOADER)";
				WRAPPER_EXTENSION = xctest;
			};
			name = Debug;
		};
		D4D5ED5F18CFA85D00BC3B51 /* Release */ = {
			isa = XCBuildConfiguration;
			buildSettings = {
				ARCHS = "$(ARCHS_STANDARD_INCLUDING_64_BIT)";
				BUNDLE_LOADER = "$(BUILT_PRODUCTS_DIR)/TesteDynamic.app/TesteDynamic";
				FRAMEWORK_SEARCH_PATHS = (
					"$(SDKROOT)/Developer/Library/Frameworks",
					"$(inherited)",
					"$(DEVELOPER_FRAMEWORKS_DIR)",
				);
				GCC_PRECOMPILE_PREFIX_HEADER = YES;
				GCC_PREFIX_HEADER = "TesteDynamic/TesteDynamic-Prefix.pch";
				INFOPLIST_FILE = "TesteDynamicTests/TesteDynamicTests-Info.plist";
				PRODUCT_NAME = "$(TARGET_NAME)";
				TEST_HOST = "$(BUNDLE_LOADER)";
				WRAPPER_EXTENSION = xctest;
			};
			name = Release;
		};
/* End XCBuildConfiguration section */

/* Begin XCConfigurationList section */
		D4D5ED2018CFA85C00BC3B51 /* Build configuration list for PBXProject "Drop Food" */ = {
			isa = XCConfigurationList;
			buildConfigurations = (
				D4D5ED5818CFA85D00BC3B51 /* Debug */,
				D4D5ED5918CFA85D00BC3B51 /* Release */,
			);
			defaultConfigurationIsVisible = 0;
			defaultConfigurationName = Release;
		};
		D4D5ED5A18CFA85D00BC3B51 /* Build configuration list for PBXNativeTarget "TesteDynamic" */ = {
			isa = XCConfigurationList;
			buildConfigurations = (
				D4D5ED5B18CFA85D00BC3B51 /* Debug */,
				D4D5ED5C18CFA85D00BC3B51 /* Release */,
			);
			defaultConfigurationIsVisible = 0;
			defaultConfigurationName = Release;
		};
		D4D5ED5D18CFA85D00BC3B51 /* Build configuration list for PBXNativeTarget "TesteDynamicTests" */ = {
			isa = XCConfigurationList;
			buildConfigurations = (
				D4D5ED5E18CFA85D00BC3B51 /* Debug */,
				D4D5ED5F18CFA85D00BC3B51 /* Release */,
			);
			defaultConfigurationIsVisible = 0;
			defaultConfigurationName = Release;
		};
/* End XCConfigurationList section */
	};
	rootObject = D4D5ED1D18CFA85C00BC3B51 /* Project object */;
}
